
Microsoft Visual Studio Solution File, Format Version 12.00
# Visual Studio 2015
Project("{FAE04EC0-301F-11D3-BF4B-00C04F79EFBC}") = "2D-Horror-Game", "2D-Horror-Game.csproj", "{20C651C8-8E0F-19A5-3B62-09253648F375}"
EndProject
Project("{FAE04EC0-301F-11D3-BF4B-00C04F79EFBC}") = "2D-Horror-Game.Editor", "2D-Horror-Game.Editor.csproj", "{BC33BFFA-7FBD-DF48-33D9-FE7EC78BFA6B}"
EndProject
Global
	GlobalSection(SolutionConfigurationPlatforms) = preSolution
		Debug|Any CPU = Debug|Any CPU
		Release|Any CPU = Release|Any CPU
	EndGlobalSection
	GlobalSection(ProjectConfigurationPlatforms) = postSolution
		{20C651C8-8E0F-19A5-3B62-09253648F375}.Debug|Any CPU.ActiveCfg = Debug|Any CPU
		{20C651C8-8E0F-19A5-3B62-09253648F375}.Debug|Any CPU.Build.0 = Debug|Any CPU
		{20C651C8-8E0F-19A5-3B62-09253648F375}.Release|Any CPU.ActiveCfg = Release|Any CPU
		{20C651C8-8E0F-19A5-3B62-09253648F375}.Release|Any CPU.Build.0 = Release|Any CPU
		{BC33BFFA-7FBD-DF48-33D9-FE7EC78BFA6B}.Debug|Any CPU.ActiveCfg = Debug|Any CPU
		{BC33BFFA-7FBD-DF48-33D9-FE7EC78BFA6B}.Debug|Any CPU.Build.0 = Debug|Any CPU
		{BC33BFFA-7FBD-DF48-33D9-FE7EC78BFA6B}.Release|Any CPU.ActiveCfg = Release|Any CPU
		{BC33BFFA-7FBD-DF48-33D9-FE7EC78BFA6B}.Release|Any CPU.Build.0 = Release|Any CPU
	EndGlobalSection
	GlobalSection(SolutionProperties) = preSolution
		HideSolutionNode = FALSE
	EndGlobalSection
EndGlobal
